
Microsoft Visual Studio Solution File, Format Version 12.00
# Visual Studio Version 16
VisualStudioVersion = 16.0.29613.14
MinimumVisualStudioVersion = 10.0.40219.1
Project("{FAE04EC0-301F-11D3-BF4B-00C04F79EFBC}") = "DbComparator.App", "DbComparator.App\DbComparator.App.csproj", "{EF2079CF-078F-434A-8134-9F152172B005}"
EndProject
Project("{FAE04EC0-301F-11D3-BF4B-00C04F79EFBC}") = "Comparator.Repositories", "Comparator.Repositories\Comparator.Repositories.csproj", "{3BA6F320-00FB-45E9-91A3-61793EBACF0B}"
EndProject
Project("{FAE04EC0-301F-11D3-BF4B-00C04F79EFBC}") = "DbConectionInfoRepository", "DbConectionInfoRepository\DbConectionInfoRepository.csproj", "{FBE4249F-AE77-424D-9D83-23732503A64A}"
EndProject
Global
	GlobalSection(SolutionConfigurationPlatforms) = preSolution
		Debug|Any CPU = Debug|Any CPU
		Release|Any CPU = Release|Any CPU
	EndGlobalSection
	GlobalSection(ProjectConfigurationPlatforms) = postSolution
		{EF2079CF-078F-434A-8134-9F152172B005}.Debug|Any CPU.ActiveCfg = Debug|Any CPU
		{EF2079CF-078F-434A-8134-9F152172B005}.Debug|Any CPU.Build.0 = Debug|Any CPU
		{EF2079CF-078F-434A-8134-9F152172B005}.Release|Any CPU.ActiveCfg = Release|Any CPU
		{EF2079CF-078F-434A-8134-9F152172B005}.Release|Any CPU.Build.0 = Release|Any CPU
		{3BA6F320-00FB-45E9-91A3-61793EBACF0B}.Debug|Any CPU.ActiveCfg = Debug|Any CPU
		{3BA6F320-00FB-45E9-91A3-61793EBACF0B}.Debug|Any CPU.Build.0 = Debug|Any CPU
		{3BA6F320-00FB-45E9-91A3-61793EBACF0B}.Release|Any CPU.ActiveCfg = Release|Any CPU
		{3BA6F320-00FB-45E9-91A3-61793EBACF0B}.Release|Any CPU.Build.0 = Release|Any CPU
		{FBE4249F-AE77-424D-9D83-23732503A64A}.Debug|Any CPU.ActiveCfg = Debug|Any CPU
		{FBE4249F-AE77-424D-9D83-23732503A64A}.Debug|Any CPU.Build.0 = Debug|Any CPU
		{FBE4249F-AE77-424D-9D83-23732503A64A}.Release|Any CPU.ActiveCfg = Release|Any CPU
		{FBE4249F-AE77-424D-9D83-23732503A64A}.Release|Any CPU.Build.0 = Release|Any CPU
	EndGlobalSection
	GlobalSection(SolutionProperties) = preSolution
		HideSolutionNode = FALSE
	EndGlobalSection
	GlobalSection(ExtensibilityGlobals) = postSolution
		SolutionGuid = {9EDA114D-8BB9-4280-A0A9-64BA65C3678C}
	EndGlobalSection
EndGlobal
